<?xml version="1.0" encoding="utf-8"?>
<Project ToolsVersion="4.0" xmlns="http://schemas.microsoft.com/developer/msbuild/2003">
  <ItemGroup>
    <Filter Include="Source Files">
      <UniqueIdentifier>{4FC737F1-C7A5-4376-A066-2A32D752A2FF}</UniqueIdentifier>
      <Extensions>cpp;c;cc;cxx;def;odl;idl;hpj;bat;asm;asmx</Extensions>
    </Filter>
    <Filter Include="Header Files">
      <UniqueIdentifier>{93995380-89BD-4b04-88EB-625FBE52EBFB}</UniqueIdentifier>
      <Extensions>h;hh;hpp;hxx;hm;inl;inc;xsd</Extensions>
    </Filter>
    <Filter Include="Resource Files">
      <UniqueIdentifier>{67DA6AB6-F800-4c08-8B7A-83BB121AAD01}</UniqueIdentifier>
      <Extensions>rc;ico;cur;bmp;dlg;rc2;rct;bin;rgs;gif;jpg;jpeg;jpe;resx;tiff;tif;png;wav;mfcribbon-ms</Extensions>
    </Filter>
    <Filter Include="Source Files\Commands">
      <UniqueIdentifier>{8f79ce17-cbfc-4119-ab5e-8db1001bee98}</UniqueIdentifier>
    </Filter>
    <Filter Include="Header Files\Commands">
      <UniqueIdentifier>{1ca11f0e-36ca-4bc3-b24d-46808e08387d}</UniqueIdentifier>
    </Filter>
    <Filter Include="Header Files\Structure">
      <UniqueIdentifier>{cc8bfae6-775e-4d65-a3e8-18cfa9cdf949}</UniqueIdentifier>
    </Filter>
    <Filter Include="Source Files\Structure">
      <UniqueIdentifier>{26b9886a-aed3-4e72-b15f-207e97abda9d}</UniqueIdentifier>
    </Filter>
    <Filter Include="Source Files\SearchFactory">
      <UniqueIdentifier>{c6d7ceee-c3ff-478e-9fe2-f12829ef659c}</UniqueIdentifier>
    </Filter>
    <Filter Include="Header Files\SearchFactory">
      <UniqueIdentifier>{a9022de2-8ad5-45e6-a8aa-5dfdc52fbbd1}</UniqueIdentifier>
    </Filter>
    <Filter Include="Source Files\Functors">
      <UniqueIdentifier>{cd85acb4-b01f-42b8-a98e-875cbd0cd3dd}</UniqueIdentifier>
    </Filter>
    <Filter Include="Header Files\Functors">
      <UniqueIdentifier>{3fa84701-f931-4832-a231-aced20dcc0f7}</UniqueIdentifier>
    </Filter>
  </ItemGroup>
  <ItemGroup>
    <Text Include="ReadMe.txt" />
  </ItemGroup>
  <ItemGroup>
    <ClInclude Include="stdafx.h">
      <Filter>Header Files</Filter>
    </ClInclude>
    <ClInclude Include="targetver.h">
      <Filter>Header Files</Filter>
    </ClInclude>
    <ClInclude Include="help_utils.h">
      <Filter>Header Files</Filter>
    </ClInclude>
    <ClInclude Include="Command.h">
      <Filter>Header Files\Commands</Filter>
    </ClInclude>
    <ClInclude Include="CommandList.h">
      <Filter>Header Files\Commands</Filter>
    </ClInclude>
    <ClInclude Include="Bill.h">
      <Filter>Header Files\Structure</Filter>
    </ClInclude>
    <ClInclude Include="Date.h">
      <Filter>Header Files\Structure</Filter>
    </ClInclude>
    <ClInclude Include="SearchFunctorFactory.h">
      <Filter>Header Files\SearchFactory</Filter>
    </ClInclude>
    <ClInclude Include="AbstractFunctorCreator.h">
      <Filter>Header Files\SearchFactory</Filter>
    </ClInclude>
    <ClInclude Include="BaseFunctor.h">
      <Filter>Header Files\Functors</Filter>
    </ClInclude>
    <ClInclude Include="FunctorCreator.h">
      <Filter>Header Files\SearchFactory</Filter>
    </ClInclude>
    <ClInclude Include="SurnameFunctor.h">
      <Filter>Header Files\Functors</Filter>
    </ClInclude>
    <ClInclude Include="HouseNumberFunctor.h">
      <Filter>Header Files\Functors</Filter>
    </ClInclude>
    <ClInclude Include="ApartmentNumberFunctor.h">
      <Filter>Header Files\Functors</Filter>
    </ClInclude>
    <ClInclude Include="HavePeniFunctor.h">
      <Filter>Header Files\Functors</Filter>
    </ClInclude>
    <ClInclude Include="DateFunctor.h">
      <Filter>Header Files\Functors</Filter>
    </ClInclude>
    <ClInclude Include="ReadFromFileCommand.h">
      <Filter>Header Files\Commands</Filter>
    </ClInclude>
    <ClInclude Include="PrintToFileCommand.h">
      <Filter>Header Files\Commands</Filter>
    </ClInclude>
    <ClInclude Include="PrintCommand.h">
      <Filter>Header Files\Commands</Filter>
    </ClInclude>
    <ClInclude Include="AddBillCommand.h">
      <Filter>Header Files\Commands</Filter>
    </ClInclude>
    <ClInclude Include="EditRecordCommand.h">
      <Filter>Header Files\Commands</Filter>
    </ClInclude>
    <ClInclude Include="SetStreetCommand.h">
      <Filter>Header Files\Commands</Filter>
    </ClInclude>
    <ClInclude Include="SetHouseNumberCommand.h">
      <Filter>Header Files\Commands</Filter>
    </ClInclude>
    <ClInclude Include="SetBlockNumberCommand.h">
      <Filter>Header Files\Commands</Filter>
    </ClInclude>
    <ClInclude Include="SetApartmentNumberCommand.h">
      <Filter>Header Files\Commands</Filter>
    </ClInclude>
    <ClInclude Include="SetSurnameCommand.h">
      <Filter>Header Files\Commands</Filter>
    </ClInclude>
    <ClInclude Include="SetYearCommand.h">
      <Filter>Header Files\Commands</Filter>
    </ClInclude>
    <ClInclude Include="SetDayCommand.h">
      <Filter>Header Files\Commands</Filter>
    </ClInclude>
    <ClInclude Include="SetMonthCommand.h">
      <Filter>Header Files\Commands</Filter>
    </ClInclude>
    <ClInclude Include="SetPaymentCommand.h">
      <Filter>Header Files\Commands</Filter>
    </ClInclude>
    <ClInclude Include="SetPaymentTypeCommand.h">
      <Filter>Header Files\Commands</Filter>
    </ClInclude>
    <ClInclude Include="SetPeniCommand.h">
      <Filter>Header Files\Commands</Filter>
    </ClInclude>
    <ClInclude Include="SetDelayDaysNumberCommand.h">
      <Filter>Header Files\Commands</Filter>
    </ClInclude>
    <ClInclude Include="ExitCommand.h">
      <Filter>Header Files\Commands</Filter>
    </ClInclude>
    <ClInclude Include="RemoveCommand.h">
      <Filter>Header Files\Commands</Filter>
    </ClInclude>
    <ClInclude Include="SelectCommand.h">
      <Filter>Header Files\Commands</Filter>
    </ClInclude>
    <ClInclude Include="RuntimeInfo.h">
      <Filter>Header Files</Filter>
    </ClInclude>
    <ClInclude Include="ExitSubMenuCommand.h">
      <Filter>Header Files\Commands</Filter>
    </ClInclude>
    <ClInclude Include="ExitItemMenuCommand.h">
      <Filter>Header Files\Commands</Filter>
    </ClInclude>
    <ClInclude Include="SetManagerStatusCommand.h">
      <Filter>Header Files\Commands</Filter>
    </ClInclude>
    <ClInclude Include="SetUserStatusCommand.h">
      <Filter>Header Files\Commands</Filter>
    </ClInclude>
    <ClInclude Include="TemplateContainer.h">
      <Filter>Header Files\Structure</Filter>
    </ClInclude>
    <ClInclude Include="ContainerUtils.h">
      <Filter>Header Files\Structure</Filter>
    </ClInclude>
    <ClInclude Include="decimal.h">
      <Filter>Header Files\Structure</Filter>
    </ClInclude>
  </ItemGroup>
  <ItemGroup>
    <ClCompile Include="stdafx.cpp">
      <Filter>Source Files</Filter>
    </ClCompile>
    <ClCompile Include="stl_task_2.cpp">
      <Filter>Source Files</Filter>
    </ClCompile>
    <ClCompile Include="help_utils.cpp">
      <Filter>Source Files</Filter>
    </ClCompile>
    <ClCompile Include="Command.cpp">
      <Filter>Source Files\Commands</Filter>
    </ClCompile>
    <ClCompile Include="CommandList.cpp">
      <Filter>Source Files\Commands</Filter>
    </ClCompile>
    <ClCompile Include="Bill.cpp">
      <Filter>Source Files\Structure</Filter>
    </ClCompile>
    <ClCompile Include="Date.cpp">
      <Filter>Source Files\Structure</Filter>
    </ClCompile>
    <ClCompile Include="AbstractFunctorCreator.cpp">
      <Filter>Source Files\SearchFactory</Filter>
    </ClCompile>
    <ClCompile Include="SurnameFunctor.cpp">
      <Filter>Source Files\Functors</Filter>
    </ClCompile>
    <ClCompile Include="HouseNumberFunctor.cpp">
      <Filter>Source Files\Functors</Filter>
    </ClCompile>
    <ClCompile Include="ApartmentNumberFunctor.cpp">
      <Filter>Source Files\Functors</Filter>
    </ClCompile>
    <ClCompile Include="HavePeniFunctor.cpp">
      <Filter>Source Files\Functors</Filter>
    </ClCompile>
    <ClCompile Include="DateFunctor.cpp">
      <Filter>Source Files\Functors</Filter>
    </ClCompile>
    <ClCompile Include="EditRecordCommand.cpp">
      <Filter>Source Files\Commands</Filter>
    </ClCompile>
    <ClCompile Include="SetStreetCommand.cpp">
      <Filter>Source Files\Commands</Filter>
    </ClCompile>
    <ClCompile Include="SetHouseNumberCommand.cpp">
      <Filter>Source Files\Commands</Filter>
    </ClCompile>
    <ClCompile Include="SetBlockNumberCommand.cpp">
      <Filter>Source Files\Commands</Filter>
    </ClCompile>
    <ClCompile Include="SetApartmentNumberCommand.cpp">
      <Filter>Source Files\Commands</Filter>
    </ClCompile>
    <ClCompile Include="SetSurnameCommand.cpp">
      <Filter>Source Files\Commands</Filter>
    </ClCompile>
    <ClCompile Include="SetYearCommand.cpp">
      <Filter>Source Files\Commands</Filter>
    </ClCompile>
    <ClCompile Include="SetDayCommand.cpp">
      <Filter>Source Files\Commands</Filter>
    </ClCompile>
    <ClCompile Include="SetMonthCommand.cpp">
      <Filter>Source Files\Functors</Filter>
    </ClCompile>
    <ClCompile Include="SetPaymentCommand.cpp">
      <Filter>Source Files\Commands</Filter>
    </ClCompile>
    <ClCompile Include="SetPaymentTypeCommand.cpp">
      <Filter>Source Files\Commands</Filter>
    </ClCompile>
    <ClCompile Include="SetPeniCommand.cpp">
      <Filter>Source Files\Commands</Filter>
    </ClCompile>
    <ClCompile Include="SetDelayDaysNumberCommand.cpp">
      <Filter>Source Files\Commands</Filter>
    </ClCompile>
    <ClCompile Include="RuntimeInfo.cpp">
      <Filter>Source Files</Filter>
    </ClCompile>
    <ClCompile Include="SetManagerStatusCommand.cpp">
      <Filter>Source Files\Commands</Filter>
    </ClCompile>
    <ClCompile Include="SetUserStatusCommand.cpp">
      <Filter>Source Files\Commands</Filter>
    </ClCompile>
  </ItemGroup>
</Project>